<?xml version="1.0" encoding="UTF-8" standalone="yes" ?>
<CodeBlocks_project_file>
	<FileVersion major="1" minor="6" />
	<Project>
		<Option title="Zengine" />
		<Option pch_mode="2" />
		<Option compiler="gcc" />
		<Build>
			<Target title="Debug">
				<Option output="bin/Debug/Zengine" prefix_auto="1" extension_auto="1" />
				<Option object_output="obj/Debug/" />
				<Option type="1" />
				<Option compiler="gcc" />
				<Option parameters="/media/202/zgi_eng/game" />
				<Compiler>
					<Add option="-g" />
					<Add option="-DTRACE" />
					<Add option="-DGAME_ZGI" />
				</Compiler>
			</Target>
			<Target title="Release">
				<Option output="bin/Release/Zengine" prefix_auto="1" extension_auto="1" />
				<Option object_output="obj/Release/" />
				<Option type="1" />
				<Option compiler="gcc" />
				<Option parameters="/media/202/zgi_eng/game" />
				<Compiler>
					<Add option="-O2" />
					<Add option="-DGAME_ZGI" />
				</Compiler>
				<Linker>
					<Add option="-s" />
				</Linker>
			</Target>
			<Target title="Nemesis Debug">
				<Option output="bin/Debug/Zengine" prefix_auto="1" extension_auto="1" />
				<Option object_output="obj/Debug/" />
				<Option type="1" />
				<Option compiler="gcc" />
				<Option parameters="/media/202/zmemesis" />
				<Compiler>
					<Add option="-g" />
					<Add option="-DTRACE" />
					<Add option="-DGAME_NEMESIS" />
				</Compiler>
			</Target>
			<Target title="Copy of Nemesis Debug">
				<Option output="bin/Debug/Zengine" prefix_auto="1" extension_auto="1" />
				<Option object_output="obj/Debug/" />
				<Option type="1" />
				<Option compiler="gcc" />
				<Option parameters="/media/1000/Temp/zork_nem/ZORKNEM_I" />
				<Compiler>
					<Add option="-g" />
					<Add option="-DTRACE" />
					<Add option="-DGAME_NEMESIS" />
				</Compiler>
			</Target>
		</Build>
		<Compiler>
			<Add option="-Wall" />
			<Add option="-fexceptions" />
			<Add directory="/usr/include/SDL" />
		</Compiler>
		<Linker>
			<Add option="-lSDL" />
			<Add option="-lSDL_image" />
			<Add option="-lSDL_gfx" />
			<Add option="-lSDL_mixer" />
			<Add option="-lSDL_ttf" />
			<Add option="-lrt" />
		</Linker>
		<Unit filename="Control.cpp" />
		<Unit filename="Control.h" />
		<Unit filename="Game.cpp" />
		<Unit filename="Game.h" />
		<Unit filename="Graph.cpp" />
		<Unit filename="Graph.h" />
		<Unit filename="Mouse.cpp" />
		<Unit filename="Mouse.h" />
		<Unit filename="Optimiz.cpp" />
		<Unit filename="Optimiz.h" />
		<Unit filename="Puzzle.cpp" />
		<Unit filename="Puzzle.h" />
		<Unit filename="Render.cpp" />
		<Unit filename="Render.h" />
		<Unit filename="ScriptSystem.cpp" />
		<Unit filename="ScriptSystem.h" />
		<Unit filename="Sound.cpp" />
		<Unit filename="Sound.h" />
		<Unit filename="SoundFX.cpp" />
		<Unit filename="SoundFX.h" />
		<Unit filename="Subtitles.cpp" />
		<Unit filename="Subtitles.h" />
		<Unit filename="System.cpp" />
		<Unit filename="System.h" />
		<Unit filename="Text.cpp" />
		<Unit filename="Text.h" />
		<Unit filename="Timers.cpp" />
		<Unit filename="Timers.h" />
		<Unit filename="VkKeys.h" />
		<Unit filename="actions.cpp" />
		<Unit filename="actions.h" />
		<Unit filename="anims.cpp" />
		<Unit filename="anims.h" />
		<Unit filename="avi_duck/simple_avi.cpp" />
		<Unit filename="avi_duck/simple_avi.h" />
		<Unit filename="avi_duck/truemotion1.cpp" />
		<Unit filename="avi_duck/truemotion1data.h" />
		<Unit filename="config.h" />
		<Unit filename="intro.cpp" />
		<Unit filename="intro.h" />
		<Unit filename="./inventory.cpp" />
		<Unit filename="./inventory.h" />
		<Unit filename="./loader.cpp" />
		<Unit filename="./loader.h" />
		<Unit filename="main.cpp" />
		<Unit filename="menu.cpp" />
		<Unit filename="menu.h" />
		<Unit filename="./mfile.cpp" />
		<Unit filename="./mfile.h" />
		<Unit filename="mylist.cpp" />
		<Unit filename="mylist.h" />
		<Extensions>
			<envvars />
			<code_completion>
				<search_path add="/usr/include" />
			</code_completion>
			<debugger />
			<lib_finder disable_auto="1" />
		</Extensions>
	</Project>
</CodeBlocks_project_file>
